// !$*UTF8*$!
{
	archiveVersion = 1;
	classes = {
	};
	objectVersion = 51;
	objects = {

/* Begin PBXBuildFile section */
		CDCCC08C7E5D3F1B3F2B6339 /* Pods_AVPlayer1.framework in Frameworks */ = {isa = PBXBuildFile; fileRef = 13BAD11101F2BAC523907F9C /* Pods_AVPlayer1.framework */; };
		E566DD8C2627DB20002A93D4 /* AVFoundation.framework in Frameworks */ = {isa = PBXBuildFile; fileRef = E566DD8B2627DB20002A93D4 /* AVFoundation.framework */; };
		E566DD9726281FBE002A93D4 /* Manager.swift in Sources */ = {isa = PBXBuildFile; fileRef = E566DD9626281FBE002A93D4 /* Manager.swift */; };
		E566DD9A262827A3002A93D4 /* PopUpInternet.swift in Sources */ = {isa = PBXBuildFile; fileRef = E566DD99262827A3002A93D4 /* PopUpInternet.swift */; };
		E5675E6A26244B020078E67F /* Extentions.swift in Sources */ = {isa = PBXBuildFile; fileRef = E5675E6926244B020078E67F /* Extentions.swift */; };
		E5682137261F121F00B76AE7 /* AVPlayer1App.swift in Sources */ = {isa = PBXBuildFile; fileRef = E5682136261F121F00B76AE7 /* AVPlayer1App.swift */; };
		E5682139261F121F00B76AE7 /* ContentView.swift in Sources */ = {isa = PBXBuildFile; fileRef = E5682138261F121F00B76AE7 /* ContentView.swift */; };
		E568213B261F122000B76AE7 /* Assets.xcassets in Resources */ = {isa = PBXBuildFile; fileRef = E568213A261F122000B76AE7 /* Assets.xcassets */; };
		E568213E261F122000B76AE7 /* Preview Assets.xcassets in Resources */ = {isa = PBXBuildFile; fileRef = E568213D261F122000B76AE7 /* Preview Assets.xcassets */; };
		E5682150261F1C1F00B76AE7 /* PlayerViewModel.swift in Sources */ = {isa = PBXBuildFile; fileRef = E568214F261F1C1F00B76AE7 /* PlayerViewModel.swift */; };
		E5682153261F1C7E00B76AE7 /* PlayerView.swift in Sources */ = {isa = PBXBuildFile; fileRef = E5682152261F1C7E00B76AE7 /* PlayerView.swift */; };
		E56C8DD326203FCA003AB845 /* video.mp4 in Resources */ = {isa = PBXBuildFile; fileRef = E56C8DD126203F96003AB845 /* video.mp4 */; };
		E56C8DD726204826003AB845 /* video1.mp4 in Resources */ = {isa = PBXBuildFile; fileRef = E56C8DD62620481A003AB845 /* video1.mp4 */; };
		E56C8DD826204826003AB845 /* video2.mp4 in Resources */ = {isa = PBXBuildFile; fileRef = E56C8DD52620481A003AB845 /* video2.mp4 */; };
		E585EF54262E6C7B006915D1 /* Menu.swift in Sources */ = {isa = PBXBuildFile; fileRef = E585EF53262E6C7B006915D1 /* Menu.swift */; };
		E585EF58262E6DF0006915D1 /* RowMenu.swift in Sources */ = {isa = PBXBuildFile; fileRef = E585EF57262E6DF0006915D1 /* RowMenu.swift */; };
		E585EF5C262E6F83006915D1 /* Music.swift in Sources */ = {isa = PBXBuildFile; fileRef = E585EF5B262E6F83006915D1 /* Music.swift */; };
		E585EF5F262E8BE7006915D1 /* MenuDetail.swift in Sources */ = {isa = PBXBuildFile; fileRef = E585EF5E262E8BE7006915D1 /* MenuDetail.swift */; };
		E585EF62262EB12F006915D1 /* MusicPlayer.swift in Sources */ = {isa = PBXBuildFile; fileRef = E585EF61262EB12F006915D1 /* MusicPlayer.swift */; };
		E585EF65262EDFC2006915D1 /* SettingPlayer.swift in Sources */ = {isa = PBXBuildFile; fileRef = E585EF64262EDFC1006915D1 /* SettingPlayer.swift */; };
		E5FB81CE2625876F00F3977C /* LoadingView.swift in Sources */ = {isa = PBXBuildFile; fileRef = E5FB81CD2625876F00F3977C /* LoadingView.swift */; };
/* End PBXBuildFile section */

/* Begin PBXFileReference section */
		13BAD11101F2BAC523907F9C /* Pods_AVPlayer1.framework */ = {isa = PBXFileReference; explicitFileType = wrapper.framework; includeInIndex = 0; path = Pods_AVPlayer1.framework; sourceTree = BUILT_PRODUCTS_DIR; };
		B00404D9FF38719B1FA9CBD0 /* Pods-AVPlayer1.release.xcconfig */ = {isa = PBXFileReference; includeInIndex = 1; lastKnownFileType = text.xcconfig; name = "Pods-AVPlayer1.release.xcconfig"; path = "Target Support Files/Pods-AVPlayer1/Pods-AVPlayer1.release.xcconfig"; sourceTree = "<group>"; };
		DCCF135CCA707E4B6066C035 /* Pods-AVPlayer1.debug.xcconfig */ = {isa = PBXFileReference; includeInIndex = 1; lastKnownFileType = text.xcconfig; name = "Pods-AVPlayer1.debug.xcconfig"; path = "Target Support Files/Pods-AVPlayer1/Pods-AVPlayer1.debug.xcconfig"; sourceTree = "<group>"; };
		E566DD8B2627DB20002A93D4 /* AVFoundation.framework */ = {isa = PBXFileReference; lastKnownFileType = wrapper.framework; name = AVFoundation.framework; path = System/Library/Frameworks/AVFoundation.framework; sourceTree = SDKROOT; };
		E566DD9626281FBE002A93D4 /* Manager.swift */ = {isa = PBXFileReference; lastKnownFileType = sourcecode.swift; path = Manager.swift; sourceTree = "<group>"; };
		E566DD99262827A3002A93D4 /* PopUpInternet.swift */ = {isa = PBXFileReference; lastKnownFileType = sourcecode.swift; path = PopUpInternet.swift; sourceTree = "<group>"; };
		E5675E6926244B020078E67F /* Extentions.swift */ = {isa = PBXFileReference; lastKnownFileType = sourcecode.swift; path = Extentions.swift; sourceTree = "<group>"; };
		E5682133261F121F00B76AE7 /* AVPlayer1.app */ = {isa = PBXFileReference; explicitFileType = wrapper.application; includeInIndex = 0; path = AVPlayer1.app; sourceTree = BUILT_PRODUCTS_DIR; };
		E5682136261F121F00B76AE7 /* AVPlayer1App.swift */ = {isa = PBXFileReference; lastKnownFileType = sourcecode.swift; path = AVPlayer1App.swift; sourceTree = "<group>"; };
		E5682138261F121F00B76AE7 /* ContentView.swift */ = {isa = PBXFileReference; lastKnownFileType = sourcecode.swift; path = ContentView.swift; sourceTree = "<group>"; };
		E568213A261F122000B76AE7 /* Assets.xcassets */ = {isa = PBXFileReference; lastKnownFileType = folder.assetcatalog; path = Assets.xcassets; sourceTree = "<group>"; };
		E568213D261F122000B76AE7 /* Preview Assets.xcassets */ = {isa = PBXFileReference; lastKnownFileType = folder.assetcatalog; path = "Preview Assets.xcassets"; sourceTree = "<group>"; };
		E568213F261F122000B76AE7 /* Info.plist */ = {isa = PBXFileReference; lastKnownFileType = text.plist.xml; path = Info.plist; sourceTree = "<group>"; };
		E568214F261F1C1F00B76AE7 /* PlayerViewModel.swift */ = {isa = PBXFileReference; fileEncoding = 4; lastKnownFileType = sourcecode.swift; path = PlayerViewModel.swift; sourceTree = "<group>"; };
		E5682152261F1C7E00B76AE7 /* PlayerView.swift */ = {isa = PBXFileReference; fileEncoding = 4; lastKnownFileType = sourcecode.swift; path = PlayerView.swift; sourceTree = "<group>"; };
		E56C8DD126203F96003AB845 /* video.mp4 */ = {isa = PBXFileReference; lastKnownFileType = file; path = video.mp4; sourceTree = "<group>"; };
		E56C8DD52620481A003AB845 /* video2.mp4 */ = {isa = PBXFileReference; lastKnownFileType = file; path = video2.mp4; sourceTree = "<group>"; };
		E56C8DD62620481A003AB845 /* video1.mp4 */ = {isa = PBXFileReference; lastKnownFileType = file; path = video1.mp4; sourceTree = "<group>"; };
		E585EF53262E6C7B006915D1 /* Menu.swift */ = {isa = PBXFileReference; lastKnownFileType = sourcecode.swift; path = Menu.swift; sourceTree = "<group>"; };
		E585EF57262E6DF0006915D1 /* RowMenu.swift */ = {isa = PBXFileReference; lastKnownFileType = sourcecode.swift; path = RowMenu.swift; sourceTree = "<group>"; };
		E585EF5B262E6F83006915D1 /* Music.swift */ = {isa = PBXFileReference; lastKnownFileType = sourcecode.swift; path = Music.swift; sourceTree = "<group>"; };
		E585EF5E262E8BE7006915D1 /* MenuDetail.swift */ = {isa = PBXFileReference; lastKnownFileType = sourcecode.swift; path = MenuDetail.swift; sourceTree = "<group>"; };
		E585EF61262EB12F006915D1 /* MusicPlayer.swift */ = {isa = PBXFileReference; lastKnownFileType = sourcecode.swift; path = MusicPlayer.swift; sourceTree = "<group>"; };
		E585EF64262EDFC1006915D1 /* SettingPlayer.swift */ = {isa = PBXFileReference; lastKnownFileType = sourcecode.swift; path = SettingPlayer.swift; sourceTree = "<group>"; };
		E5FB81CD2625876F00F3977C /* LoadingView.swift */ = {isa = PBXFileReference; lastKnownFileType = sourcecode.swift; path = LoadingView.swift; sourceTree = "<group>"; };
/* End PBXFileReference section */

/* Begin PBXFrameworksBuildPhase section */
		E5682130261F121F00B76AE7 /* Frameworks */ = {
			isa = PBXFrameworksBuildPhase;
			buildActionMask = 2147483647;
			files = (
				E566DD8C2627DB20002A93D4 /* AVFoundation.framework in Frameworks */,
				CDCCC08C7E5D3F1B3F2B6339 /* Pods_AVPlayer1.framework in Frameworks */,
			);
			runOnlyForDeploymentPostprocessing = 0;
		};
/* End PBXFrameworksBuildPhase section */

/* Begin PBXGroup section */
		36ED8510522AA1E6AB70A65D /* Pods */ = {
			isa = PBXGroup;
			children = (
				DCCF135CCA707E4B6066C035 /* Pods-AVPlayer1.debug.xcconfig */,
				B00404D9FF38719B1FA9CBD0 /* Pods-AVPlayer1.release.xcconfig */,
			);
			path = Pods;
			sourceTree = "<group>";
		};
		E566DD8A2627DB20002A93D4 /* Frameworks */ = {
			isa = PBXGroup;
			children = (
				E566DD8B2627DB20002A93D4 /* AVFoundation.framework */,
				13BAD11101F2BAC523907F9C /* Pods_AVPlayer1.framework */,
			);
			name = Frameworks;
			sourceTree = "<group>";
		};
		E566DD9526281F8F002A93D4 /* Server */ = {
			isa = PBXGroup;
			children = (
				E566DD9626281FBE002A93D4 /* Manager.swift */,
			);
			path = Server;
			sourceTree = "<group>";
		};
		E5675E6826244AE50078E67F /* Extentions */ = {
			isa = PBXGroup;
			children = (
				E5675E6926244B020078E67F /* Extentions.swift */,
			);
			path = Extentions;
			sourceTree = "<group>";
		};
		E568212A261F121F00B76AE7 = {
			isa = PBXGroup;
			children = (
				E5682135261F121F00B76AE7 /* AVPlayer1 */,
				E5682134261F121F00B76AE7 /* Products */,
				E566DD8A2627DB20002A93D4 /* Frameworks */,
				36ED8510522AA1E6AB70A65D /* Pods */,
			);
			sourceTree = "<group>";
		};
		E5682134261F121F00B76AE7 /* Products */ = {
			isa = PBXGroup;
			children = (
				E5682133261F121F00B76AE7 /* AVPlayer1.app */,
			);
			name = Products;
			sourceTree = "<group>";
		};
		E5682135261F121F00B76AE7 /* AVPlayer1 */ = {
			isa = PBXGroup;
			children = (
				E566DD9526281F8F002A93D4 /* Server */,
				E5675E6826244AE50078E67F /* Extentions */,
				E56C8DD126203F96003AB845 /* video.mp4 */,
				E56C8DD62620481A003AB845 /* video1.mp4 */,
				E56C8DD52620481A003AB845 /* video2.mp4 */,
				E568214B261F151900B76AE7 /* MainView */,
				E568214A261F150C00B76AE7 /* View */,
				E5682149261F14FF00B76AE7 /* Model */,
				E5682136261F121F00B76AE7 /* AVPlayer1App.swift */,
				E568213A261F122000B76AE7 /* Assets.xcassets */,
				E568213F261F122000B76AE7 /* Info.plist */,
				E568213C261F122000B76AE7 /* Preview Content */,
			);
			path = AVPlayer1;
			sourceTree = "<group>";
		};
		E568213C261F122000B76AE7 /* Preview Content */ = {
			isa = PBXGroup;
			children = (
				E568213D261F122000B76AE7 /* Preview Assets.xcassets */,
			);
			path = "Preview Content";
			sourceTree = "<group>";
		};
		E5682149261F14FF00B76AE7 /* Model */ = {
			isa = PBXGroup;
			children = (
				E568214F261F1C1F00B76AE7 /* PlayerViewModel.swift */,
				E585EF5B262E6F83006915D1 /* Music.swift */,
			);
			path = Model;
			sourceTree = "<group>";
		};
		E568214A261F150C00B76AE7 /* View */ = {
			isa = PBXGroup;
			children = (
				E5682152261F1C7E00B76AE7 /* PlayerView.swift */,
			);
			path = View;
			sourceTree = "<group>";
		};
		E568214B261F151900B76AE7 /* MainView */ = {
			isa = PBXGroup;
			children = (
				E585EF56262E6DDA006915D1 /* Row */,
				E5682138261F121F00B76AE7 /* ContentView.swift */,
				E5FB81CD2625876F00F3977C /* LoadingView.swift */,
				E566DD99262827A3002A93D4 /* PopUpInternet.swift */,
				E585EF53262E6C7B006915D1 /* Menu.swift */,
				E585EF5E262E8BE7006915D1 /* MenuDetail.swift */,
				E585EF61262EB12F006915D1 /* MusicPlayer.swift */,
				E585EF64262EDFC1006915D1 /* SettingPlayer.swift */,
			);
			path = MainView;
			sourceTree = "<group>";
		};
		E585EF56262E6DDA006915D1 /* Row */ = {
			isa = PBXGroup;
			children = (
				E585EF57262E6DF0006915D1 /* RowMenu.swift */,
			);
			path = Row;
			sourceTree = "<group>";
		};
/* End PBXGroup section */

/* Begin PBXNativeTarget section */
		E5682132261F121F00B76AE7 /* AVPlayer1 */ = {
			isa = PBXNativeTarget;
			buildConfigurationList = E5682142261F122000B76AE7 /* Build configuration list for PBXNativeTarget "AVPlayer1" */;
			buildPhases = (
				9D1B86D3C2E0492DA98BF61C /* [CP] Check Pods Manifest.lock */,
				E568212F261F121F00B76AE7 /* Sources */,
				E5682130261F121F00B76AE7 /* Frameworks */,
				E5682131261F121F00B76AE7 /* Resources */,
				EA8385D57BC54841F29D9990 /* [CP] Embed Pods Frameworks */,
			);
			buildRules = (
			);
			dependencies = (
			);
			name = AVPlayer1;
			productName = AVPlayer1;
			productReference = E5682133261F121F00B76AE7 /* AVPlayer1.app */;
			productType = "com.apple.product-type.application";
		};
/* End PBXNativeTarget section */

/* Begin PBXProject section */
		E568212B261F121F00B76AE7 /* Project object */ = {
			isa = PBXProject;
			attributes = {
				LastSwiftUpdateCheck = 1220;
				LastUpgradeCheck = 1220;
				TargetAttributes = {
					E5682132261F121F00B76AE7 = {
						CreatedOnToolsVersion = 12.2;
					};
				};
			};
			buildConfigurationList = E568212E261F121F00B76AE7 /* Build configuration list for PBXProject "AVPlayer1" */;
			compatibilityVersion = "Xcode 9.3";
			developmentRegion = en;
			hasScannedForEncodings = 0;
			knownRegions = (
				en,
				Base,
			);
			mainGroup = E568212A261F121F00B76AE7;
			productRefGroup = E5682134261F121F00B76AE7 /* Products */;
			projectDirPath = "";
			projectRoot = "";
			targets = (
				E5682132261F121F00B76AE7 /* AVPlayer1 */,
			);
		};
/* End PBXProject section */

/* Begin PBXResourcesBuildPhase section */
		E5682131261F121F00B76AE7 /* Resources */ = {
			isa = PBXResourcesBuildPhase;
			buildActionMask = 2147483647;
			files = (
				E56C8DD726204826003AB845 /* video1.mp4 in Resources */,
				E56C8DD826204826003AB845 /* video2.mp4 in Resources */,
				E56C8DD326203FCA003AB845 /* video.mp4 in Resources */,
				E568213E261F122000B76AE7 /* Preview Assets.xcassets in Resources */,
				E568213B261F122000B76AE7 /* Assets.xcassets in Resources */,
			);
			runOnlyForDeploymentPostprocessing = 0;
		};
/* End PBXResourcesBuildPhase section */

/* Begin PBXShellScriptBuildPhase section */
		9D1B86D3C2E0492DA98BF61C /* [CP] Check Pods Manifest.lock */ = {
			isa = PBXShellScriptBuildPhase;
			buildActionMask = 2147483647;
			files = (
			);
			inputFileListPaths = (
			);
			inputPaths = (
				"${PODS_PODFILE_DIR_PATH}/Podfile.lock",
				"${PODS_ROOT}/Manifest.lock",
			);
			name = "[CP] Check Pods Manifest.lock";
			outputFileListPaths = (
			);
			outputPaths = (
				"$(DERIVED_FILE_DIR)/Pods-AVPlayer1-checkManifestLockResult.txt",
			);
			runOnlyForDeploymentPostprocessing = 0;
			shellPath = /bin/sh;
			shellScript = "diff \"${PODS_PODFILE_DIR_PATH}/Podfile.lock\" \"${PODS_ROOT}/Manifest.lock\" > /dev/null\nif [ $? != 0 ] ; then\n    # print error to STDERR\n    echo \"error: The sandbox is not in sync with the Podfile.lock. Run 'pod install' or update your CocoaPods installation.\" >&2\n    exit 1\nfi\n# This output is used by Xcode 'outputs' to avoid re-running this script phase.\necho \"SUCCESS\" > \"${SCRIPT_OUTPUT_FILE_0}\"\n";
			showEnvVarsInLog = 0;
		};
		EA8385D57BC54841F29D9990 /* [CP] Embed Pods Frameworks */ = {
			isa = PBXShellScriptBuildPhase;
			buildActionMask = 2147483647;
			files = (
			);
			inputFileListPaths = (
				"${PODS_ROOT}/Target Support Files/Pods-AVPlayer1/Pods-AVPlayer1-frameworks-${CONFIGURATION}-input-files.xcfilelist",
			);
			name = "[CP] Embed Pods Frameworks";
			outputFileListPaths = (
				"${PODS_ROOT}/Target Support Files/Pods-AVPlayer1/Pods-AVPlayer1-frameworks-${CONFIGURATION}-output-files.xcfilelist",
			);
			runOnlyForDeploymentPostprocessing = 0;
			shellPath = /bin/sh;
			shellScript = "\"${PODS_ROOT}/Target Support Files/Pods-AVPlayer1/Pods-AVPlayer1-frameworks.sh\"\n";
			showEnvVarsInLog = 0;
		};
/* End PBXShellScriptBuildPhase section */

/* Begin PBXSourcesBuildPhase section */
		E568212F261F121F00B76AE7 /* Sources */ = {
			isa = PBXSourcesBuildPhase;
			buildActionMask = 2147483647;
			files = (
				E585EF62262EB12F006915D1 /* MusicPlayer.swift in Sources */,
				E5682150261F1C1F00B76AE7 /* PlayerViewModel.swift in Sources */,
				E585EF58262E6DF0006915D1 /* RowMenu.swift in Sources */,
				E5682139261F121F00B76AE7 /* ContentView.swift in Sources */,
				E585EF5F262E8BE7006915D1 /* MenuDetail.swift in Sources */,
				E5675E6A26244B020078E67F /* Extentions.swift in Sources */,
				E566DD9A262827A3002A93D4 /* PopUpInternet.swift in Sources */,
				E585EF65262EDFC2006915D1 /* SettingPlayer.swift in Sources */,
				E5682137261F121F00B76AE7 /* AVPlayer1App.swift in Sources */,
				E566DD9726281FBE002A93D4 /* Manager.swift in Sources */,
				E585EF5C262E6F83006915D1 /* Music.swift in Sources */,
				E585EF54262E6C7B006915D1 /* Menu.swift in Sources */,
				E5682153261F1C7E00B76AE7 /* PlayerView.swift in Sources */,
				E5FB81CE2625876F00F3977C /* LoadingView.swift in Sources */,
			);
			runOnlyForDeploymentPostprocessing = 0;
		};
/* End PBXSourcesBuildPhase section */

/* Begin XCBuildConfiguration section */
		E5682140261F122000B76AE7 /* Debug */ = {
			isa = XCBuildConfiguration;
			buildSettings = {
				ALWAYS_SEARCH_USER_PATHS = NO;
				CLANG_ANALYZER_NONNULL = YES;
				CLANG_ANALYZER_NUMBER_OBJECT_CONVERSION = YES_AGGRESSIVE;
				CLANG_CXX_LANGUAGE_STANDARD = "gnu++14";
				CLANG_CXX_LIBRARY = "libc++";
				CLANG_ENABLE_MODULES = YES;
				CLANG_ENABLE_OBJC_ARC = YES;
				CLANG_ENABLE_OBJC_WEAK = YES;
				CLANG_WARN_BLOCK_CAPTURE_AUTORELEASING = YES;
				CLANG_WARN_BOOL_CONVERSION = YES;
				CLANG_WARN_COMMA = YES;
				CLANG_WARN_CONSTANT_CONVERSION = YES;
				CLANG_WARN_DEPRECATED_OBJC_IMPLEMENTATIONS = YES;
				CLANG_WARN_DIRECT_OBJC_ISA_USAGE = YES_ERROR;
				CLANG_WARN_DOCUMENTATION_COMMENTS = YES;
				CLANG_WARN_EMPTY_BODY = YES;
				CLANG_WARN_ENUM_CONVERSION = YES;
				CLANG_WARN_INFINITE_RECURSION = YES;
				CLANG_WARN_INT_CONVERSION = YES;
				CLANG_WARN_NON_LITERAL_NULL_CONVERSION = YES;
				CLANG_WARN_OBJC_IMPLICIT_RETAIN_SELF = YES;
				CLANG_WARN_OBJC_LITERAL_CONVERSION = YES;
				CLANG_WARN_OBJC_ROOT_CLASS = YES_ERROR;
				CLANG_WARN_QUOTED_INCLUDE_IN_FRAMEWORK_HEADER = YES;
				CLANG_WARN_RANGE_LOOP_ANALYSIS = YES;
				CLANG_WARN_STRICT_PROTOTYPES = YES;
				CLANG_WARN_SUSPICIOUS_MOVE = YES;
				CLANG_WARN_UNGUARDED_AVAILABILITY = YES_AGGRESSIVE;
				CLANG_WARN_UNREACHABLE_CODE = YES;
				CLANG_WARN__DUPLICATE_METHOD_MATCH = YES;
				COPY_PHASE_STRIP = NO;
				DEBUG_INFORMATION_FORMAT = dwarf;
				ENABLE_STRICT_OBJC_MSGSEND = YES;
				ENABLE_TESTABILITY = YES;
				GCC_C_LANGUAGE_STANDARD = gnu11;
				GCC_DYNAMIC_NO_PIC = NO;
				GCC_NO_COMMON_BLOCKS = YES;
				GCC_OPTIMIZATION_LEVEL = 0;
				GCC_PREPROCESSOR_DEFINITIONS = (
					"DEBUG=1",
					"$(inherited)",
				);
				GCC_WARN_64_TO_32_BIT_CONVERSION = YES;
				GCC_WARN_ABOUT_RETURN_TYPE = YES_ERROR;
				GCC_WARN_UNDECLARED_SELECTOR = YES;
				GCC_WARN_UNINITIALIZED_AUTOS = YES_AGGRESSIVE;
				GCC_WARN_UNUSED_FUNCTION = YES;
				GCC_WARN_UNUSED_VARIABLE = YES;
				IPHONEOS_DEPLOYMENT_TARGET = 14.2;
				MTL_ENABLE_DEBUG_INFO = INCLUDE_SOURCE;
				MTL_FAST_MATH = YES;
				ONLY_ACTIVE_ARCH = YES;
				SDKROOT = iphoneos;
				SWIFT_ACTIVE_COMPILATION_CONDITIONS = DEBUG;
				SWIFT_OPTIMIZATION_LEVEL = "-Onone";
			};
			name = Debug;
		};
		E5682141261F122000B76AE7 /* Release */ = {
			isa = XCBuildConfiguration;
			buildSettings = {
				ALWAYS_SEARCH_USER_PATHS = NO;
				CLANG_ANALYZER_NONNULL = YES;
				CLANG_ANALYZER_NUMBER_OBJECT_CONVERSION = YES_AGGRESSIVE;
				CLANG_CXX_LANGUAGE_STANDARD = "gnu++14";
				CLANG_CXX_LIBRARY = "libc++";
				CLANG_ENABLE_MODULES = YES;
				CLANG_ENABLE_OBJC_ARC = YES;
				CLANG_ENABLE_OBJC_WEAK = YES;
				CLANG_WARN_BLOCK_CAPTURE_AUTORELEASING = YES;
				CLANG_WARN_BOOL_CONVERSION = YES;
				CLANG_WARN_COMMA = YES;
				CLANG_WARN_CONSTANT_CONVERSION = YES;
				CLANG_WARN_DEPRECATED_OBJC_IMPLEMENTATIONS = YES;
				CLANG_WARN_DIRECT_OBJC_ISA_USAGE = YES_ERROR;
				CLANG_WARN_DOCUMENTATION_COMMENTS = YES;
				CLANG_WARN_EMPTY_BODY = YES;
				CLANG_WARN_ENUM_CONVERSION = YES;
				CLANG_WARN_INFINITE_RECURSION = YES;
				CLANG_WARN_INT_CONVERSION = YES;
				CLANG_WARN_NON_LITERAL_NULL_CONVERSION = YES;
				CLANG_WARN_OBJC_IMPLICIT_RETAIN_SELF = YES;
				CLANG_WARN_OBJC_LITERAL_CONVERSION = YES;
				CLANG_WARN_OBJC_ROOT_CLASS = YES_ERROR;
				CLANG_WARN_QUOTED_INCLUDE_IN_FRAMEWORK_HEADER = YES;
				CLANG_WARN_RANGE_LOOP_ANALYSIS = YES;
				CLANG_WARN_STRICT_PROTOTYPES = YES;
				CLANG_WARN_SUSPICIOUS_MOVE = YES;
				CLANG_WARN_UNGUARDED_AVAILABILITY = YES_AGGRESSIVE;
				CLANG_WARN_UNREACHABLE_CODE = YES;
				CLANG_WARN__DUPLICATE_METHOD_MATCH = YES;
				COPY_PHASE_STRIP = NO;
				DEBUG_INFORMATION_FORMAT = "dwarf-with-dsym";
				ENABLE_NS_ASSERTIONS = NO;
				ENABLE_STRICT_OBJC_MSGSEND = YES;
				GCC_C_LANGUAGE_STANDARD = gnu11;
				GCC_NO_COMMON_BLOCKS = YES;
				GCC_WARN_64_TO_32_BIT_CONVERSION = YES;
				GCC_WARN_ABOUT_RETURN_TYPE = YES_ERROR;
				GCC_WARN_UNDECLARED_SELECTOR = YES;
				GCC_WARN_UNINITIALIZED_AUTOS = YES_AGGRESSIVE;
				GCC_WARN_UNUSED_FUNCTION = YES;
				GCC_WARN_UNUSED_VARIABLE = YES;
				IPHONEOS_DEPLOYMENT_TARGET = 14.2;
				MTL_ENABLE_DEBUG_INFO = NO;
				MTL_FAST_MATH = YES;
				SDKROOT = iphoneos;
				SWIFT_COMPILATION_MODE = wholemodule;
				SWIFT_OPTIMIZATION_LEVEL = "-O";
				VALIDATE_PRODUCT = YES;
			};
			name = Release;
		};
		E5682143261F122000B76AE7 /* Debug */ = {
			isa = XCBuildConfiguration;
			baseConfigurationReference = DCCF135CCA707E4B6066C035 /* Pods-AVPlayer1.debug.xcconfig */;
			buildSettings = {
				ASSETCATALOG_COMPILER_APPICON_NAME = AppIcon;
				ASSETCATALOG_COMPILER_GLOBAL_ACCENT_COLOR_NAME = AccentColor;
				CODE_SIGN_STYLE = Automatic;
				DEVELOPMENT_ASSET_PATHS = "\"AVPlayer1/Preview Content\"";
				DEVELOPMENT_TEAM = 6C99TY569A;
				ENABLE_PREVIEWS = YES;
				INFOPLIST_FILE = AVPlayer1/Info.plist;
				IPHONEOS_DEPLOYMENT_TARGET = 14.0;
				LD_RUNPATH_SEARCH_PATHS = (
					"$(inherited)",
					"@executable_path/Frameworks",
				);
				PRODUCT_BUNDLE_IDENTIFIER = com.arisvn.AVPlayer1;
				PRODUCT_NAME = "$(TARGET_NAME)";
				SWIFT_VERSION = 5.0;
				TARGETED_DEVICE_FAMILY = "1,2";
			};
			name = Debug;
		};
		E5682144261F122000B76AE7 /* Release */ = {
			isa = XCBuildConfiguration;
			baseConfigurationReference = B00404D9FF38719B1FA9CBD0 /* Pods-AVPlayer1.release.xcconfig */;
			buildSettings = {
				ASSETCATALOG_COMPILER_APPICON_NAME = AppIcon;
				ASSETCATALOG_COMPILER_GLOBAL_ACCENT_COLOR_NAME = AccentColor;
				CODE_SIGN_STYLE = Automatic;
				DEVELOPMENT_ASSET_PATHS = "\"AVPlayer1/Preview Content\"";
				DEVELOPMENT_TEAM = 6C99TY569A;
				ENABLE_PREVIEWS = YES;
				INFOPLIST_FILE = AVPlayer1/Info.plist;
				IPHONEOS_DEPLOYMENT_TARGET = 14.0;
				LD_RUNPATH_SEARCH_PATHS = (
					"$(inherited)",
					"@executable_path/Frameworks",
				);
				PRODUCT_BUNDLE_IDENTIFIER = com.arisvn.AVPlayer1;
				PRODUCT_NAME = "$(TARGET_NAME)";
				SWIFT_VERSION = 5.0;
				TARGETED_DEVICE_FAMILY = "1,2";
			};
			name = Release;
		};
/* End XCBuildConfiguration section */

/* Begin XCConfigurationList section */
		E568212E261F121F00B76AE7 /* Build configuration list for PBXProject "AVPlayer1" */ = {
			isa = XCConfigurationList;
			buildConfigurations = (
				E5682140261F122000B76AE7 /* Debug */,
				E5682141261F122000B76AE7 /* Release */,
			);
			defaultConfigurationIsVisible = 0;
			defaultConfigurationName = Release;
		};
		E5682142261F122000B76AE7 /* Build configuration list for PBXNativeTarget "AVPlayer1" */ = {
			isa = XCConfigurationList;
			buildConfigurations = (
				E5682143261F122000B76AE7 /* Debug */,
				E5682144261F122000B76AE7 /* Release */,
			);
			defaultConfigurationIsVisible = 0;
			defaultConfigurationName = Release;
		};
/* End XCConfigurationList section */
	};
	rootObject = E568212B261F121F00B76AE7 /* Project object */;
}
